// !$*UTF8*$!
{
	archiveVersion = 1;
	classes = {
	};
	objectVersion = 50;
	objects = {

/* Begin PBXBuildFile section */
		D29EAB8222F72BB8003E5335 /* AppDelegate.swift in Sources */ = {isa = PBXBuildFile; fileRef = D29EAB8122F72BB8003E5335 /* AppDelegate.swift */; };
		D29EAB8422F72BB8003E5335 /* ViewController.swift in Sources */ = {isa = PBXBuildFile; fileRef = D29EAB8322F72BB8003E5335 /* ViewController.swift */; };
		D29EAB8722F72BB8003E5335 /* Main.storyboard in Resources */ = {isa = PBXBuildFile; fileRef = D29EAB8522F72BB8003E5335 /* Main.storyboard */; };
		D29EAB8922F72BB9003E5335 /* Assets.xcassets in Resources */ = {isa = PBXBuildFile; fileRef = D29EAB8822F72BB9003E5335 /* Assets.xcassets */; };
		D29EAB8C22F72BB9003E5335 /* LaunchScreen.storyboard in Resources */ = {isa = PBXBuildFile; fileRef = D29EAB8A22F72BB9003E5335 /* LaunchScreen.storyboard */; };
/* End PBXBuildFile section */

/* Begin PBXFileReference section */
		D29EAB7E22F72BB8003E5335 /* NSUbiquitousKeyValueStoreDemo.app */ = {isa = PBXFileReference; explicitFileType = wrapper.application; includeInIndex = 0; path = NSUbiquitousKeyValueStoreDemo.app; sourceTree = BUILT_PRODUCTS_DIR; };
		D29EAB8122F72BB8003E5335 /* AppDelegate.swift */ = {isa = PBXFileReference; lastKnownFileType = sourcecode.swift; path = AppDelegate.swift; sourceTree = "<group>"; };
		D29EAB8322F72BB8003E5335 /* ViewController.swift */ = {isa = PBXFileReference; lastKnownFileType = sourcecode.swift; path = ViewController.swift; sourceTree = "<group>"; };
		D29EAB8622F72BB8003E5335 /* Base */ = {isa = PBXFileReference; lastKnownFileType = file.storyboard; name = Base; path = Base.lproj/Main.storyboard; sourceTree = "<group>"; };
		D29EAB8822F72BB9003E5335 /* Assets.xcassets */ = {isa = PBXFileReference; lastKnownFileType = folder.assetcatalog; path = Assets.xcassets; sourceTree = "<group>"; };
		D29EAB8B22F72BB9003E5335 /* Base */ = {isa = PBXFileReference; lastKnownFileType = file.storyboard; name = Base; path = Base.lproj/LaunchScreen.storyboard; sourceTree = "<group>"; };
		D29EAB8D22F72BB9003E5335 /* Info.plist */ = {isa = PBXFileReference; lastKnownFileType = text.plist.xml; path = Info.plist; sourceTree = "<group>"; };
		D29EAB9322F72C47003E5335 /* NSUbiquitousKeyValueStoreDemo.entitlements */ = {isa = PBXFileReference; lastKnownFileType = text.plist.entitlements; path = NSUbiquitousKeyValueStoreDemo.entitlements; sourceTree = "<group>"; };
/* End PBXFileReference section */

/* Begin PBXFrameworksBuildPhase section */
		D29EAB7B22F72BB8003E5335 /* Frameworks */ = {
			isa = PBXFrameworksBuildPhase;
			buildActionMask = 2147483647;
			files = (
			);
			runOnlyForDeploymentPostprocessing = 0;
		};
/* End PBXFrameworksBuildPhase section */

/* Begin PBXGroup section */
		D29EAB7522F72BB7003E5335 = {
			isa = PBXGroup;
			children = (
				D29EAB8022F72BB8003E5335 /* NSUbiquitousKeyValueStoreDemo */,
				D29EAB7F22F72BB8003E5335 /* Products */,
			);
			sourceTree = "<group>";
		};
		D29EAB7F22F72BB8003E5335 /* Products */ = {
			isa = PBXGroup;
			children = (
				D29EAB7E22F72BB8003E5335 /* NSUbiquitousKeyValueStoreDemo.app */,
			);
			name = Products;
			sourceTree = "<group>";
		};
		D29EAB8022F72BB8003E5335 /* NSUbiquitousKeyValueStoreDemo */ = {
			isa = PBXGroup;
			children = (
				D29EAB9322F72C47003E5335 /* NSUbiquitousKeyValueStoreDemo.entitlements */,
				D29EAB8122F72BB8003E5335 /* AppDelegate.swift */,
				D29EAB8322F72BB8003E5335 /* ViewController.swift */,
				D29EAB8522F72BB8003E5335 /* Main.storyboard */,
				D29EAB8822F72BB9003E5335 /* Assets.xcassets */,
				D29EAB8A22F72BB9003E5335 /* LaunchScreen.storyboard */,
				D29EAB8D22F72BB9003E5335 /* Info.plist */,
			);
			path = NSUbiquitousKeyValueStoreDemo;
			sourceTree = "<group>";
		};
/* End PBXGroup section */

/* Begin PBXNativeTarget section */
		D29EAB7D22F72BB8003E5335 /* NSUbiquitousKeyValueStoreDemo */ = {
			isa = PBXNativeTarget;
			buildConfigurationList = D29EAB9022F72BB9003E5335 /* Build configuration list for PBXNativeTarget "NSUbiquitousKeyValueStoreDemo" */;
			buildPhases = (
				D29EAB7A22F72BB8003E5335 /* Sources */,
				D29EAB7B22F72BB8003E5335 /* Frameworks */,
				D29EAB7C22F72BB8003E5335 /* Resources */,
			);
			buildRules = (
			);
			dependencies = (
			);
			name = NSUbiquitousKeyValueStoreDemo;
			productName = NSUbiquitousKeyValueStoreDemo;
			productReference = D29EAB7E22F72BB8003E5335 /* NSUbiquitousKeyValueStoreDemo.app */;
			productType = "com.apple.product-type.application";
		};
/* End PBXNativeTarget section */

/* Begin PBXProject section */
		D29EAB7622F72BB7003E5335 /* Project object */ = {
			isa = PBXProject;
			attributes = {
				LastSwiftUpdateCheck = 1030;
				LastUpgradeCheck = 1030;
				ORGANIZATIONNAME = "Eric Walker";
				TargetAttributes = {
					D29EAB7D22F72BB8003E5335 = {
						CreatedOnToolsVersion = 10.3;
						SystemCapabilities = {
							com.apple.iCloud = {
								enabled = 1;
							};
						};
					};
				};
			};
			buildConfigurationList = D29EAB7922F72BB7003E5335 /* Build configuration list for PBXProject "NSUbiquitousKeyValueStoreDemo" */;
			compatibilityVersion = "Xcode 9.3";
			developmentRegion = en;
			hasScannedForEncodings = 0;
			knownRegions = (
				en,
				Base,
			);
			mainGroup = D29EAB7522F72BB7003E5335;
			productRefGroup = D29EAB7F22F72BB8003E5335 /* Products */;
			projectDirPath = "";
			projectRoot = "";
			targets = (
				D29EAB7D22F72BB8003E5335 /* NSUbiquitousKeyValueStoreDemo */,
			);
		};
/* End PBXProject section */

/* Begin PBXResourcesBuildPhase section */
		D29EAB7C22F72BB8003E5335 /* Resources */ = {
			isa = PBXResourcesBuildPhase;
			buildActionMask = 2147483647;
			files = (
				D29EAB8C22F72BB9003E5335 /* LaunchScreen.storyboard in Resources */,
				D29EAB8922F72BB9003E5335 /* Assets.xcassets in Resources */,
				D29EAB8722F72BB8003E5335 /* Main.storyboard in Resources */,
			);
			runOnlyForDeploymentPostprocessing = 0;
		};
/* End PBXResourcesBuildPhase section */

/* Begin PBXSourcesBuildPhase section */
		D29EAB7A22F72BB8003E5335 /* Sources */ = {
			isa = PBXSourcesBuildPhase;
			buildActionMask = 2147483647;
			files = (
				D29EAB8422F72BB8003E5335 /* ViewController.swift in Sources */,
				D29EAB8222F72BB8003E5335 /* AppDelegate.swift in Sources */,
			);
			runOnlyForDeploymentPostprocessing = 0;
		};
/* End PBXSourcesBuildPhase section */

/* Begin PBXVariantGroup section */
		D29EAB8522F72BB8003E5335 /* Main.storyboard */ = {
			isa = PBXVariantGroup;
			children = (
				D29EAB8622F72BB8003E5335 /* Base */,
			);
			name = Main.storyboard;
			sourceTree = "<group>";
		};
		D29EAB8A22F72BB9003E5335 /* LaunchScreen.storyboard */ = {
			isa = PBXVariantGroup;
			children = (
				D29EAB8B22F72BB9003E5335 /* Base */,
			);
			name = LaunchScreen.storyboard;
			sourceTree = "<group>";
		};
/* End PBXVariantGroup section */

/* Begin XCBuildConfiguration section */
		D29EAB8E22F72BB9003E5335 /* Debug */ = {
			isa = XCBuildConfiguration;
			buildSettings = {
				ALWAYS_SEARCH_USER_PATHS = NO;
				CLANG_ANALYZER_NONNULL = YES;
				CLANG_ANALYZER_NUMBER_OBJECT_CONVERSION = YES_AGGRESSIVE;
				CLANG_CXX_LANGUAGE_STANDARD = "gnu++14";
				CLANG_CXX_LIBRARY = "libc++";
				CLANG_ENABLE_MODULES = YES;
				CLANG_ENABLE_OBJC_ARC = YES;
				CLANG_ENABLE_OBJC_WEAK = YES;
				CLANG_WARN_BLOCK_CAPTURE_AUTORELEASING = YES;
				CLANG_WARN_BOOL_CONVERSION = YES;
				CLANG_WARN_COMMA = YES;
				CLANG_WARN_CONSTANT_CONVERSION = YES;
				CLANG_WARN_DEPRECATED_OBJC_IMPLEMENTATIONS = YES;
				CLANG_WARN_DIRECT_OBJC_ISA_USAGE = YES_ERROR;
				CLANG_WARN_DOCUMENTATION_COMMENTS = YES;
				CLANG_WARN_EMPTY_BODY = YES;
				CLANG_WARN_ENUM_CONVERSION = YES;
				CLANG_WARN_INFINITE_RECURSION = YES;
				CLANG_WARN_INT_CONVERSION = YES;
				CLANG_WARN_NON_LITERAL_NULL_CONVERSION = YES;
				CLANG_WARN_OBJC_IMPLICIT_RETAIN_SELF = YES;
				CLANG_WARN_OBJC_LITERAL_CONVERSION = YES;
				CLANG_WARN_OBJC_ROOT_CLASS = YES_ERROR;
				CLANG_WARN_RANGE_LOOP_ANALYSIS = YES;
				CLANG_WARN_STRICT_PROTOTYPES = YES;
				CLANG_WARN_SUSPICIOUS_MOVE = YES;
				CLANG_WARN_UNGUARDED_AVAILABILITY = YES_AGGRESSIVE;
				CLANG_WARN_UNREACHABLE_CODE = YES;
				CLANG_WARN__DUPLICATE_METHOD_MATCH = YES;
				CODE_SIGN_IDENTITY = "iPhone Developer";
				COPY_PHASE_STRIP = NO;
				DEBUG_INFORMATION_FORMAT = dwarf;
				ENABLE_STRICT_OBJC_MSGSEND = YES;
				ENABLE_TESTABILITY = YES;
				GCC_C_LANGUAGE_STANDARD = gnu11;
				GCC_DYNAMIC_NO_PIC = NO;
				GCC_NO_COMMON_BLOCKS = YES;
				GCC_OPTIMIZATION_LEVEL = 0;
				GCC_PREPROCESSOR_DEFINITIONS = (
					"DEBUG=1",
					"$(inherited)",
				);
				GCC_WARN_64_TO_32_BIT_CONVERSION = YES;
				GCC_WARN_ABOUT_RETURN_TYPE = YES_ERROR;
				GCC_WARN_UNDECLARED_SELECTOR = YES;
				GCC_WARN_UNINITIALIZED_AUTOS = YES_AGGRESSIVE;
				GCC_WARN_UNUSED_FUNCTION = YES;
				GCC_WARN_UNUSED_VARIABLE = YES;
				IPHONEOS_DEPLOYMENT_TARGET = 12.4;
				MTL_ENABLE_DEBUG_INFO = INCLUDE_SOURCE;
				MTL_FAST_MATH = YES;
				ONLY_ACTIVE_ARCH = YES;
				SDKROOT = iphoneos;
				SWIFT_ACTIVE_COMPILATION_CONDITIONS = DEBUG;
				SWIFT_OPTIMIZATION_LEVEL = "-Onone";
			};
			name = Debug;
		};
		D29EAB8F22F72BB9003E5335 /* Release */ = {
			isa = XCBuildConfiguration;
			buildSettings = {
				ALWAYS_SEARCH_USER_PATHS = NO;
				CLANG_ANALYZER_NONNULL = YES;
				CLANG_ANALYZER_NUMBER_OBJECT_CONVERSION = YES_AGGRESSIVE;
				CLANG_CXX_LANGUAGE_STANDARD = "gnu++14";
				CLANG_CXX_LIBRARY = "libc++";
				CLANG_ENABLE_MODULES = YES;
				CLANG_ENABLE_OBJC_ARC = YES;
				CLANG_ENABLE_OBJC_WEAK = YES;
				CLANG_WARN_BLOCK_CAPTURE_AUTORELEASING = YES;
				CLANG_WARN_BOOL_CONVERSION = YES;
				CLANG_WARN_COMMA = YES;
				CLANG_WARN_CONSTANT_CONVERSION = YES;
				CLANG_WARN_DEPRECATED_OBJC_IMPLEMENTATIONS = YES;
				CLANG_WARN_DIRECT_OBJC_ISA_USAGE = YES_ERROR;
				CLANG_WARN_DOCUMENTATION_COMMENTS = YES;
				CLANG_WARN_EMPTY_BODY = YES;
				CLANG_WARN_ENUM_CONVERSION = YES;
				CLANG_WARN_INFINITE_RECURSION = YES;
				CLANG_WARN_INT_CONVERSION = YES;
				CLANG_WARN_NON_LITERAL_NULL_CONVERSION = YES;
				CLANG_WARN_OBJC_IMPLICIT_RETAIN_SELF = YES;
				CLANG_WARN_OBJC_LITERAL_CONVERSION = YES;
				CLANG_WARN_OBJC_ROOT_CLASS = YES_ERROR;
				CLANG_WARN_RANGE_LOOP_ANALYSIS = YES;
				CLANG_WARN_STRICT_PROTOTYPES = YES;
				CLANG_WARN_SUSPICIOUS_MOVE = YES;
				CLANG_WARN_UNGUARDED_AVAILABILITY = YES_AGGRESSIVE;
				CLANG_WARN_UNREACHABLE_CODE = YES;
				CLANG_WARN__DUPLICATE_METHOD_MATCH = YES;
				CODE_SIGN_IDENTITY = "iPhone Developer";
				COPY_PHASE_STRIP = NO;
				DEBUG_INFORMATION_FORMAT = "dwarf-with-dsym";
				ENABLE_NS_ASSERTIONS = NO;
				ENABLE_STRICT_OBJC_MSGSEND = YES;
				GCC_C_LANGUAGE_STANDARD = gnu11;
				GCC_NO_COMMON_BLOCKS = YES;
				GCC_WARN_64_TO_32_BIT_CONVERSION = YES;
				GCC_WARN_ABOUT_RETURN_TYPE = YES_ERROR;
				GCC_WARN_UNDECLARED_SELECTOR = YES;
				GCC_WARN_UNINITIALIZED_AUTOS = YES_AGGRESSIVE;
				GCC_WARN_UNUSED_FUNCTION = YES;
				GCC_WARN_UNUSED_VARIABLE = YES;
				IPHONEOS_DEPLOYMENT_TARGET = 12.4;
				MTL_ENABLE_DEBUG_INFO = NO;
				MTL_FAST_MATH = YES;
				SDKROOT = iphoneos;
				SWIFT_COMPILATION_MODE = wholemodule;
				SWIFT_OPTIMIZATION_LEVEL = "-O";
				VALIDATE_PRODUCT = YES;
			};
			name = Release;
		};
		D29EAB9122F72BB9003E5335 /* Debug */ = {
			isa = XCBuildConfiguration;
			buildSettings = {
				ASSETCATALOG_COMPILER_APPICON_NAME = AppIcon;
				CODE_SIGN_ENTITLEMENTS = NSUbiquitousKeyValueStoreDemo/NSUbiquitousKeyValueStoreDemo.entitlements;
				CODE_SIGN_STYLE = Automatic;
				DEVELOPMENT_TEAM = Z9MFJK4XRX;
				INFOPLIST_FILE = NSUbiquitousKeyValueStoreDemo/Info.plist;
				IPHONEOS_DEPLOYMENT_TARGET = 12.0;
				LD_RUNPATH_SEARCH_PATHS = (
					"$(inherited)",
					"@executable_path/Frameworks",
				);
				PRODUCT_BUNDLE_IDENTIFIER = com.ericwalker.NSUbiquitousKeyValueStoreDemo;
				PRODUCT_NAME = "$(TARGET_NAME)";
				SWIFT_VERSION = 5.0;
				TARGETED_DEVICE_FAMILY = "1,2";
			};
			name = Debug;
		};
		D29EAB9222F72BB9003E5335 /* Release */ = {
			isa = XCBuildConfiguration;
			buildSettings = {
				ASSETCATALOG_COMPILER_APPICON_NAME = AppIcon;
				CODE_SIGN_ENTITLEMENTS = NSUbiquitousKeyValueStoreDemo/NSUbiquitousKeyValueStoreDemo.entitlements;
				CODE_SIGN_STYLE = Automatic;
				DEVELOPMENT_TEAM = Z9MFJK4XRX;
				INFOPLIST_FILE = NSUbiquitousKeyValueStoreDemo/Info.plist;
				IPHONEOS_DEPLOYMENT_TARGET = 12.0;
				LD_RUNPATH_SEARCH_PATHS = (
					"$(inherited)",
					"@executable_path/Frameworks",
				);
				PRODUCT_BUNDLE_IDENTIFIER = com.ericwalker.NSUbiquitousKeyValueStoreDemo;
				PRODUCT_NAME = "$(TARGET_NAME)";
				SWIFT_VERSION = 5.0;
				TARGETED_DEVICE_FAMILY = "1,2";
			};
			name = Release;
		};
/* End XCBuildConfiguration section */

/* Begin XCConfigurationList section */
		D29EAB7922F72BB7003E5335 /* Build configuration list for PBXProject "NSUbiquitousKeyValueStoreDemo" */ = {
			isa = XCConfigurationList;
			buildConfigurations = (
				D29EAB8E22F72BB9003E5335 /* Debug */,
				D29EAB8F22F72BB9003E5335 /* Release */,
			);
			defaultConfigurationIsVisible = 0;
			defaultConfigurationName = Release;
		};
		D29EAB9022F72BB9003E5335 /* Build configuration list for PBXNativeTarget "NSUbiquitousKeyValueStoreDemo" */ = {
			isa = XCConfigurationList;
			buildConfigurations = (
				D29EAB9122F72BB9003E5335 /* Debug */,
				D29EAB9222F72BB9003E5335 /* Release */,
			);
			defaultConfigurationIsVisible = 0;
			defaultConfigurationName = Release;
		};
/* End XCConfigurationList section */
	};
	rootObject = D29EAB7622F72BB7003E5335 /* Project object */;
}
